
Microsoft Visual Studio Solution File, Format Version 12.00
# Visual Studio Version 17
VisualStudioVersion = 17.1.32228.430
MinimumVisualStudioVersion = 10.0.40219.1
Project("{FAE04EC0-301F-11D3-BF4B-00C04F79EFBC}") = "Liskov Substitution Principle", "Liskov Substitution Principle\Liskov Substitution Principle.csproj", "{DB0169FE-0819-46C8-A313-2A05140775B7}"
EndProject
Global
	GlobalSection(SolutionConfigurationPlatforms) = preSolution
		Debug|Any CPU = Debug|Any CPU
		Release|Any CPU = Release|Any CPU
	EndGlobalSection
	GlobalSection(ProjectConfigurationPlatforms) = postSolution
		{DB0169FE-0819-46C8-A313-2A05140775B7}.Debug|Any CPU.ActiveCfg = Debug|Any CPU
		{DB0169FE-0819-46C8-A313-2A05140775B7}.Debug|Any CPU.Build.0 = Debug|Any CPU
		{DB0169FE-0819-46C8-A313-2A05140775B7}.Release|Any CPU.ActiveCfg = Release|Any CPU
		{DB0169FE-0819-46C8-A313-2A05140775B7}.Release|Any CPU.Build.0 = Release|Any CPU
	EndGlobalSection
	GlobalSection(SolutionProperties) = preSolution
		HideSolutionNode = FALSE
	EndGlobalSection
	GlobalSection(ExtensibilityGlobals) = postSolution
		SolutionGuid = {B90DED45-D678-48CF-B6E7-9D527066DD27}
	EndGlobalSection
EndGlobal
